
Microsoft Visual Studio Solution File, Format Version 12.00
# Visual Studio Version 17
VisualStudioVersion = 17.1.32210.238
MinimumVisualStudioVersion = 10.0.40219.1
Project("{9A19103F-16F7-4668-BE54-9A1E7A4F7556}") = "BlazorWebAssembly.Server", "BlazorWebAssembly\Server\BlazorWebAssembly.Server.csproj", "{0253FB8C-AF4D-4337-8067-6F8CB9F1B2D7}"
EndProject
Project("{9A19103F-16F7-4668-BE54-9A1E7A4F7556}") = "BlazorWebAssembly.Client", "BlazorWebAssembly\Client\BlazorWebAssembly.Client.csproj", "{C6A48697-192C-46BC-807E-00FC72495C7A}"
EndProject
Project("{9A19103F-16F7-4668-BE54-9A1E7A4F7556}") = "BlazorWebAssembly.Shared", "BlazorWebAssembly\Shared\BlazorWebAssembly.Shared.csproj", "{131DB4BA-FA2B-418F-B6B4-B4D884E1A27D}"
EndProject
Global
	GlobalSection(SolutionConfigurationPlatforms) = preSolution
		Debug|Any CPU = Debug|Any CPU
		Release|Any CPU = Release|Any CPU
	EndGlobalSection
	GlobalSection(ProjectConfigurationPlatforms) = postSolution
		{0253FB8C-AF4D-4337-8067-6F8CB9F1B2D7}.Debug|Any CPU.ActiveCfg = Debug|Any CPU
		{0253FB8C-AF4D-4337-8067-6F8CB9F1B2D7}.Debug|Any CPU.Build.0 = Debug|Any CPU
		{0253FB8C-AF4D-4337-8067-6F8CB9F1B2D7}.Release|Any CPU.ActiveCfg = Release|Any CPU
		{0253FB8C-AF4D-4337-8067-6F8CB9F1B2D7}.Release|Any CPU.Build.0 = Release|Any CPU
		{C6A48697-192C-46BC-807E-00FC72495C7A}.Debug|Any CPU.ActiveCfg = Debug|Any CPU
		{C6A48697-192C-46BC-807E-00FC72495C7A}.Debug|Any CPU.Build.0 = Debug|Any CPU
		{C6A48697-192C-46BC-807E-00FC72495C7A}.Release|Any CPU.ActiveCfg = Release|Any CPU
		{C6A48697-192C-46BC-807E-00FC72495C7A}.Release|Any CPU.Build.0 = Release|Any CPU
		{131DB4BA-FA2B-418F-B6B4-B4D884E1A27D}.Debug|Any CPU.ActiveCfg = Debug|Any CPU
		{131DB4BA-FA2B-418F-B6B4-B4D884E1A27D}.Debug|Any CPU.Build.0 = Debug|Any CPU
		{131DB4BA-FA2B-418F-B6B4-B4D884E1A27D}.Release|Any CPU.ActiveCfg = Release|Any CPU
		{131DB4BA-FA2B-418F-B6B4-B4D884E1A27D}.Release|Any CPU.Build.0 = Release|Any CPU
	EndGlobalSection
	GlobalSection(SolutionProperties) = preSolution
		HideSolutionNode = FALSE
	EndGlobalSection
	GlobalSection(ExtensibilityGlobals) = postSolution
		SolutionGuid = {04145A2E-3879-4E77-98BF-5D77C1343DD7}
	EndGlobalSection
EndGlobal
